
Microsoft Visual Studio Solution File, Format Version 12.00
# Visual Studio Version 16
VisualStudioVersion = 16.0.30011.22
MinimumVisualStudioVersion = 15.0.26124.0
Project("{9A19103F-16F7-4668-BE54-9A1E7A4F7556}") = "Application", "Api.Application\Application.csproj", "{312966E9-0368-4014-B0B6-BBC80F4E8585}"
EndProject
Project("{9A19103F-16F7-4668-BE54-9A1E7A4F7556}") = "Domain", "Api.Domain\Domain.csproj", "{CA20081B-CA3D-4CB4-9162-09788AAC1E17}"
EndProject
Project("{9A19103F-16F7-4668-BE54-9A1E7A4F7556}") = "CrossCutting", "Api.CrossCutting\CrossCutting.csproj", "{FAEE5470-CEA2-42BA-A02E-CAF53130943A}"
EndProject
Project("{9A19103F-16F7-4668-BE54-9A1E7A4F7556}") = "Data", "Api.Data\Data.csproj", "{9F9257AA-FE47-4126-9248-DCD09FCFA449}"
EndProject
Project("{9A19103F-16F7-4668-BE54-9A1E7A4F7556}") = "Service", "Api.Service\Service.csproj", "{E38EB8D7-72FA-4D71-AE05-2AC4B6EE3C92}"
EndProject
Project("{9A19103F-16F7-4668-BE54-9A1E7A4F7556}") = "Api.Service.Test", "Api.Service.Test\Api.Service.Test.csproj", "{FE7D3113-F0F1-48D8-8BE4-0B8AFD438305}"
EndProject
Project("{9A19103F-16F7-4668-BE54-9A1E7A4F7556}") = "Api.Application.Test", "Api.Application.Test\Api.Application.Test.csproj", "{ABFC002D-9A72-479E-A751-5AB7FEBBE956}"
EndProject
Project("{2150E333-8FDC-42A3-9474-1A3956D46DE8}") = "1 - Application", "1 - Application", "{E34217A4-56C7-4C63-BD9F-83D8C02C70D6}"
EndProject
Project("{2150E333-8FDC-42A3-9474-1A3956D46DE8}") = "2 - Service", "2 - Service", "{73C663CF-6CB7-4E49-938F-DBB3B3697A3B}"
EndProject
Project("{2150E333-8FDC-42A3-9474-1A3956D46DE8}") = "3 - Infrastructure", "3 - Infrastructure", "{7C20C583-9335-4D75-B6D3-EA8786F34FA9}"
EndProject
Project("{2150E333-8FDC-42A3-9474-1A3956D46DE8}") = "4 - Domain", "4 - Domain", "{5A71464F-F119-4A9D-B7B5-8F0345195BBD}"
EndProject
Project("{2150E333-8FDC-42A3-9474-1A3956D46DE8}") = "5 - Tests", "5 - Tests", "{829A510F-0763-4567-81D2-BC6E118BAD14}"
EndProject
Project("{9A19103F-16F7-4668-BE54-9A1E7A4F7556}") = "Api.Integration.Test", "Api.Integration.Test\Api.Integration.Test.csproj", "{DAD5D8B8-0316-411E-BE37-B2011107FD69}"
EndProject
Global
	GlobalSection(SolutionConfigurationPlatforms) = preSolution
		Debug|Any CPU = Debug|Any CPU
		Debug|x64 = Debug|x64
		Debug|x86 = Debug|x86
		Release|Any CPU = Release|Any CPU
		Release|x64 = Release|x64
		Release|x86 = Release|x86
	EndGlobalSection
	GlobalSection(ProjectConfigurationPlatforms) = postSolution
		{312966E9-0368-4014-B0B6-BBC80F4E8585}.Debug|Any CPU.ActiveCfg = Debug|Any CPU
		{312966E9-0368-4014-B0B6-BBC80F4E8585}.Debug|Any CPU.Build.0 = Debug|Any CPU
		{312966E9-0368-4014-B0B6-BBC80F4E8585}.Debug|x64.ActiveCfg = Debug|Any CPU
		{312966E9-0368-4014-B0B6-BBC80F4E8585}.Debug|x64.Build.0 = Debug|Any CPU
		{312966E9-0368-4014-B0B6-BBC80F4E8585}.Debug|x86.ActiveCfg = Debug|Any CPU
		{312966E9-0368-4014-B0B6-BBC80F4E8585}.Debug|x86.Build.0 = Debug|Any CPU
		{312966E9-0368-4014-B0B6-BBC80F4E8585}.Release|Any CPU.ActiveCfg = Release|Any CPU
		{312966E9-0368-4014-B0B6-BBC80F4E8585}.Release|Any CPU.Build.0 = Release|Any CPU
		{312966E9-0368-4014-B0B6-BBC80F4E8585}.Release|x64.ActiveCfg = Release|Any CPU
		{312966E9-0368-4014-B0B6-BBC80F4E8585}.Release|x64.Build.0 = Release|Any CPU
		{312966E9-0368-4014-B0B6-BBC80F4E8585}.Release|x86.ActiveCfg = Release|Any CPU
		{312966E9-0368-4014-B0B6-BBC80F4E8585}.Release|x86.Build.0 = Release|Any CPU
		{CA20081B-CA3D-4CB4-9162-09788AAC1E17}.Debug|Any CPU.ActiveCfg = Debug|Any CPU
		{CA20081B-CA3D-4CB4-9162-09788AAC1E17}.Debug|Any CPU.Build.0 = Debug|Any CPU
		{CA20081B-CA3D-4CB4-9162-09788AAC1E17}.Debug|x64.ActiveCfg = Debug|Any CPU
		{CA20081B-CA3D-4CB4-9162-09788AAC1E17}.Debug|x64.Build.0 = Debug|Any CPU
		{CA20081B-CA3D-4CB4-9162-09788AAC1E17}.Debug|x86.ActiveCfg = Debug|Any CPU
		{CA20081B-CA3D-4CB4-9162-09788AAC1E17}.Debug|x86.Build.0 = Debug|Any CPU
		{CA20081B-CA3D-4CB4-9162-09788AAC1E17}.Release|Any CPU.ActiveCfg = Release|Any CPU
		{CA20081B-CA3D-4CB4-9162-09788AAC1E17}.Release|Any CPU.Build.0 = Release|Any CPU
		{CA20081B-CA3D-4CB4-9162-09788AAC1E17}.Release|x64.ActiveCfg = Release|Any CPU
		{CA20081B-CA3D-4CB4-9162-09788AAC1E17}.Release|x64.Build.0 = Release|Any CPU
		{CA20081B-CA3D-4CB4-9162-09788AAC1E17}.Release|x86.ActiveCfg = Release|Any CPU
		{CA20081B-CA3D-4CB4-9162-09788AAC1E17}.Release|x86.Build.0 = Release|Any CPU
		{FAEE5470-CEA2-42BA-A02E-CAF53130943A}.Debug|Any CPU.ActiveCfg = Debug|Any CPU
		{FAEE5470-CEA2-42BA-A02E-CAF53130943A}.Debug|Any CPU.Build.0 = Debug|Any CPU
		{FAEE5470-CEA2-42BA-A02E-CAF53130943A}.Debug|x64.ActiveCfg = Debug|Any CPU
		{FAEE5470-CEA2-42BA-A02E-CAF53130943A}.Debug|x64.Build.0 = Debug|Any CPU
		{FAEE5470-CEA2-42BA-A02E-CAF53130943A}.Debug|x86.ActiveCfg = Debug|Any CPU
		{FAEE5470-CEA2-42BA-A02E-CAF53130943A}.Debug|x86.Build.0 = Debug|Any CPU
		{FAEE5470-CEA2-42BA-A02E-CAF53130943A}.Release|Any CPU.ActiveCfg = Release|Any CPU
		{FAEE5470-CEA2-42BA-A02E-CAF53130943A}.Release|Any CPU.Build.0 = Release|Any CPU
		{FAEE5470-CEA2-42BA-A02E-CAF53130943A}.Release|x64.ActiveCfg = Release|Any CPU
		{FAEE5470-CEA2-42BA-A02E-CAF53130943A}.Release|x64.Build.0 = Release|Any CPU
		{FAEE5470-CEA2-42BA-A02E-CAF53130943A}.Release|x86.ActiveCfg = Release|Any CPU
		{FAEE5470-CEA2-42BA-A02E-CAF53130943A}.Release|x86.Build.0 = Release|Any CPU
		{9F9257AA-FE47-4126-9248-DCD09FCFA449}.Debug|Any CPU.ActiveCfg = Debug|Any CPU
		{9F9257AA-FE47-4126-9248-DCD09FCFA449}.Debug|Any CPU.Build.0 = Debug|Any CPU
		{9F9257AA-FE47-4126-9248-DCD09FCFA449}.Debug|x64.ActiveCfg = Debug|Any CPU
		{9F9257AA-FE47-4126-9248-DCD09FCFA449}.Debug|x64.Build.0 = Debug|Any CPU
		{9F9257AA-FE47-4126-9248-DCD09FCFA449}.Debug|x86.ActiveCfg = Debug|Any CPU
		{9F9257AA-FE47-4126-9248-DCD09FCFA449}.Debug|x86.Build.0 = Debug|Any CPU
		{9F9257AA-FE47-4126-9248-DCD09FCFA449}.Release|Any CPU.ActiveCfg = Release|Any CPU
		{9F9257AA-FE47-4126-9248-DCD09FCFA449}.Release|Any CPU.Build.0 = Release|Any CPU
		{9F9257AA-FE47-4126-9248-DCD09FCFA449}.Release|x64.ActiveCfg = Release|Any CPU
		{9F9257AA-FE47-4126-9248-DCD09FCFA449}.Release|x64.Build.0 = Release|Any CPU
		{9F9257AA-FE47-4126-9248-DCD09FCFA449}.Release|x86.ActiveCfg = Release|Any CPU
		{9F9257AA-FE47-4126-9248-DCD09FCFA449}.Release|x86.Build.0 = Release|Any CPU
		{E38EB8D7-72FA-4D71-AE05-2AC4B6EE3C92}.Debug|Any CPU.ActiveCfg = Debug|Any CPU
		{E38EB8D7-72FA-4D71-AE05-2AC4B6EE3C92}.Debug|Any CPU.Build.0 = Debug|Any CPU
		{E38EB8D7-72FA-4D71-AE05-2AC4B6EE3C92}.Debug|x64.ActiveCfg = Debug|Any CPU
		{E38EB8D7-72FA-4D71-AE05-2AC4B6EE3C92}.Debug|x64.Build.0 = Debug|Any CPU
		{E38EB8D7-72FA-4D71-AE05-2AC4B6EE3C92}.Debug|x86.ActiveCfg = Debug|Any CPU
		{E38EB8D7-72FA-4D71-AE05-2AC4B6EE3C92}.Debug|x86.Build.0 = Debug|Any CPU
		{E38EB8D7-72FA-4D71-AE05-2AC4B6EE3C92}.Release|Any CPU.ActiveCfg = Release|Any CPU
		{E38EB8D7-72FA-4D71-AE05-2AC4B6EE3C92}.Release|Any CPU.Build.0 = Release|Any CPU
		{E38EB8D7-72FA-4D71-AE05-2AC4B6EE3C92}.Release|x64.ActiveCfg = Release|Any CPU
		{E38EB8D7-72FA-4D71-AE05-2AC4B6EE3C92}.Release|x64.Build.0 = Release|Any CPU
		{E38EB8D7-72FA-4D71-AE05-2AC4B6EE3C92}.Release|x86.ActiveCfg = Release|Any CPU
		{E38EB8D7-72FA-4D71-AE05-2AC4B6EE3C92}.Release|x86.Build.0 = Release|Any CPU
		{FE7D3113-F0F1-48D8-8BE4-0B8AFD438305}.Debug|Any CPU.ActiveCfg = Debug|Any CPU
		{FE7D3113-F0F1-48D8-8BE4-0B8AFD438305}.Debug|Any CPU.Build.0 = Debug|Any CPU
		{FE7D3113-F0F1-48D8-8BE4-0B8AFD438305}.Debug|x64.ActiveCfg = Debug|Any CPU
		{FE7D3113-F0F1-48D8-8BE4-0B8AFD438305}.Debug|x64.Build.0 = Debug|Any CPU
		{FE7D3113-F0F1-48D8-8BE4-0B8AFD438305}.Debug|x86.ActiveCfg = Debug|Any CPU
		{FE7D3113-F0F1-48D8-8BE4-0B8AFD438305}.Debug|x86.Build.0 = Debug|Any CPU
		{FE7D3113-F0F1-48D8-8BE4-0B8AFD438305}.Release|Any CPU.ActiveCfg = Release|Any CPU
		{FE7D3113-F0F1-48D8-8BE4-0B8AFD438305}.Release|Any CPU.Build.0 = Release|Any CPU
		{FE7D3113-F0F1-48D8-8BE4-0B8AFD438305}.Release|x64.ActiveCfg = Release|Any CPU
		{FE7D3113-F0F1-48D8-8BE4-0B8AFD438305}.Release|x64.Build.0 = Release|Any CPU
		{FE7D3113-F0F1-48D8-8BE4-0B8AFD438305}.Release|x86.ActiveCfg = Release|Any CPU
		{FE7D3113-F0F1-48D8-8BE4-0B8AFD438305}.Release|x86.Build.0 = Release|Any CPU
		{ABFC002D-9A72-479E-A751-5AB7FEBBE956}.Debug|Any CPU.ActiveCfg = Debug|Any CPU
		{ABFC002D-9A72-479E-A751-5AB7FEBBE956}.Debug|Any CPU.Build.0 = Debug|Any CPU
		{ABFC002D-9A72-479E-A751-5AB7FEBBE956}.Debug|x64.ActiveCfg = Debug|Any CPU
		{ABFC002D-9A72-479E-A751-5AB7FEBBE956}.Debug|x64.Build.0 = Debug|Any CPU
		{ABFC002D-9A72-479E-A751-5AB7FEBBE956}.Debug|x86.ActiveCfg = Debug|Any CPU
		{ABFC002D-9A72-479E-A751-5AB7FEBBE956}.Debug|x86.Build.0 = Debug|Any CPU
		{ABFC002D-9A72-479E-A751-5AB7FEBBE956}.Release|Any CPU.ActiveCfg = Release|Any CPU
		{ABFC002D-9A72-479E-A751-5AB7FEBBE956}.Release|Any CPU.Build.0 = Release|Any CPU
		{ABFC002D-9A72-479E-A751-5AB7FEBBE956}.Release|x64.ActiveCfg = Release|Any CPU
		{ABFC002D-9A72-479E-A751-5AB7FEBBE956}.Release|x64.Build.0 = Release|Any CPU
		{ABFC002D-9A72-479E-A751-5AB7FEBBE956}.Release|x86.ActiveCfg = Release|Any CPU
		{ABFC002D-9A72-479E-A751-5AB7FEBBE956}.Release|x86.Build.0 = Release|Any CPU
		{DAD5D8B8-0316-411E-BE37-B2011107FD69}.Debug|Any CPU.ActiveCfg = Debug|Any CPU
		{DAD5D8B8-0316-411E-BE37-B2011107FD69}.Debug|Any CPU.Build.0 = Debug|Any CPU
		{DAD5D8B8-0316-411E-BE37-B2011107FD69}.Debug|x64.ActiveCfg = Debug|Any CPU
		{DAD5D8B8-0316-411E-BE37-B2011107FD69}.Debug|x64.Build.0 = Debug|Any CPU
		{DAD5D8B8-0316-411E-BE37-B2011107FD69}.Debug|x86.ActiveCfg = Debug|Any CPU
		{DAD5D8B8-0316-411E-BE37-B2011107FD69}.Debug|x86.Build.0 = Debug|Any CPU
		{DAD5D8B8-0316-411E-BE37-B2011107FD69}.Release|Any CPU.ActiveCfg = Release|Any CPU
		{DAD5D8B8-0316-411E-BE37-B2011107FD69}.Release|Any CPU.Build.0 = Release|Any CPU
		{DAD5D8B8-0316-411E-BE37-B2011107FD69}.Release|x64.ActiveCfg = Release|Any CPU
		{DAD5D8B8-0316-411E-BE37-B2011107FD69}.Release|x64.Build.0 = Release|Any CPU
		{DAD5D8B8-0316-411E-BE37-B2011107FD69}.Release|x86.ActiveCfg = Release|Any CPU
		{DAD5D8B8-0316-411E-BE37-B2011107FD69}.Release|x86.Build.0 = Release|Any CPU
	EndGlobalSection
	GlobalSection(SolutionProperties) = preSolution
		HideSolutionNode = FALSE
	EndGlobalSection
	GlobalSection(NestedProjects) = preSolution
		{312966E9-0368-4014-B0B6-BBC80F4E8585} = {E34217A4-56C7-4C63-BD9F-83D8C02C70D6}
		{CA20081B-CA3D-4CB4-9162-09788AAC1E17} = {5A71464F-F119-4A9D-B7B5-8F0345195BBD}
		{FAEE5470-CEA2-42BA-A02E-CAF53130943A} = {7C20C583-9335-4D75-B6D3-EA8786F34FA9}
		{9F9257AA-FE47-4126-9248-DCD09FCFA449} = {7C20C583-9335-4D75-B6D3-EA8786F34FA9}
		{E38EB8D7-72FA-4D71-AE05-2AC4B6EE3C92} = {73C663CF-6CB7-4E49-938F-DBB3B3697A3B}
		{FE7D3113-F0F1-48D8-8BE4-0B8AFD438305} = {829A510F-0763-4567-81D2-BC6E118BAD14}
		{ABFC002D-9A72-479E-A751-5AB7FEBBE956} = {829A510F-0763-4567-81D2-BC6E118BAD14}
		{DAD5D8B8-0316-411E-BE37-B2011107FD69} = {829A510F-0763-4567-81D2-BC6E118BAD14}
	EndGlobalSection
	GlobalSection(ExtensibilityGlobals) = postSolution
		SolutionGuid = {E4E87B80-28E3-4E17-98A1-40BFFD215508}
	EndGlobalSection
EndGlobal
